
Microsoft Visual Studio Solution File, Format Version 12.00
# Visual Studio 15
VisualStudioVersion = 15.0.26124.0
MinimumVisualStudioVersion = 15.0.26124.0
Project("{9A19103F-16F7-4668-BE54-9A1E7A4F7556}") = "Wall01", "Wall01\Wall01.csproj", "{A3CC81A3-FB87-4B69-977C-AD02039C6CA9}"
EndProject
Project("{9A19103F-16F7-4668-BE54-9A1E7A4F7556}") = "Wall01Tests", "Wall01Tests\Wall01Tests.csproj", "{967B24DF-CF41-4FE2-BDEE-1786A39C68CA}"
EndProject
Project("{FAE04EC0-301F-11D3-BF4B-00C04F79EFBC}") = "WallConsole", "WallConsole\WallConsole.csproj", "{4CCB0A82-A72E-46B1-B295-85732F1C7EA1}"
EndProject
Project("{FAE04EC0-301F-11D3-BF4B-00C04F79EFBC}") = "WallConsoleTests", "WallConsoleTests\WallConsoleTests.csproj", "{03EE4A00-C2E7-490D-959E-CC494C929E16}"
EndProject
Global
	GlobalSection(SolutionConfigurationPlatforms) = preSolution
		Debug|Any CPU = Debug|Any CPU
		Debug|x64 = Debug|x64
		Debug|x86 = Debug|x86
		Release|Any CPU = Release|Any CPU
		Release|x64 = Release|x64
		Release|x86 = Release|x86
	EndGlobalSection
	GlobalSection(ProjectConfigurationPlatforms) = postSolution
		{A3CC81A3-FB87-4B69-977C-AD02039C6CA9}.Debug|Any CPU.ActiveCfg = Debug|Any CPU
		{A3CC81A3-FB87-4B69-977C-AD02039C6CA9}.Debug|Any CPU.Build.0 = Debug|Any CPU
		{A3CC81A3-FB87-4B69-977C-AD02039C6CA9}.Debug|x64.ActiveCfg = Debug|Any CPU
		{A3CC81A3-FB87-4B69-977C-AD02039C6CA9}.Debug|x64.Build.0 = Debug|Any CPU
		{A3CC81A3-FB87-4B69-977C-AD02039C6CA9}.Debug|x86.ActiveCfg = Debug|Any CPU
		{A3CC81A3-FB87-4B69-977C-AD02039C6CA9}.Debug|x86.Build.0 = Debug|Any CPU
		{A3CC81A3-FB87-4B69-977C-AD02039C6CA9}.Release|Any CPU.ActiveCfg = Release|Any CPU
		{A3CC81A3-FB87-4B69-977C-AD02039C6CA9}.Release|Any CPU.Build.0 = Release|Any CPU
		{A3CC81A3-FB87-4B69-977C-AD02039C6CA9}.Release|x64.ActiveCfg = Release|Any CPU
		{A3CC81A3-FB87-4B69-977C-AD02039C6CA9}.Release|x64.Build.0 = Release|Any CPU
		{A3CC81A3-FB87-4B69-977C-AD02039C6CA9}.Release|x86.ActiveCfg = Release|Any CPU
		{A3CC81A3-FB87-4B69-977C-AD02039C6CA9}.Release|x86.Build.0 = Release|Any CPU
		{967B24DF-CF41-4FE2-BDEE-1786A39C68CA}.Debug|Any CPU.ActiveCfg = Debug|Any CPU
		{967B24DF-CF41-4FE2-BDEE-1786A39C68CA}.Debug|Any CPU.Build.0 = Debug|Any CPU
		{967B24DF-CF41-4FE2-BDEE-1786A39C68CA}.Debug|x64.ActiveCfg = Debug|Any CPU
		{967B24DF-CF41-4FE2-BDEE-1786A39C68CA}.Debug|x64.Build.0 = Debug|Any CPU
		{967B24DF-CF41-4FE2-BDEE-1786A39C68CA}.Debug|x86.ActiveCfg = Debug|Any CPU
		{967B24DF-CF41-4FE2-BDEE-1786A39C68CA}.Debug|x86.Build.0 = Debug|Any CPU
		{967B24DF-CF41-4FE2-BDEE-1786A39C68CA}.Release|Any CPU.ActiveCfg = Release|Any CPU
		{967B24DF-CF41-4FE2-BDEE-1786A39C68CA}.Release|Any CPU.Build.0 = Release|Any CPU
		{967B24DF-CF41-4FE2-BDEE-1786A39C68CA}.Release|x64.ActiveCfg = Release|Any CPU
		{967B24DF-CF41-4FE2-BDEE-1786A39C68CA}.Release|x64.Build.0 = Release|Any CPU
		{967B24DF-CF41-4FE2-BDEE-1786A39C68CA}.Release|x86.ActiveCfg = Release|Any CPU
		{967B24DF-CF41-4FE2-BDEE-1786A39C68CA}.Release|x86.Build.0 = Release|Any CPU
		{4CCB0A82-A72E-46B1-B295-85732F1C7EA1}.Debug|Any CPU.ActiveCfg = Debug|Any CPU
		{4CCB0A82-A72E-46B1-B295-85732F1C7EA1}.Debug|Any CPU.Build.0 = Debug|Any CPU
		{4CCB0A82-A72E-46B1-B295-85732F1C7EA1}.Debug|x64.ActiveCfg = Debug|Any CPU
		{4CCB0A82-A72E-46B1-B295-85732F1C7EA1}.Debug|x64.Build.0 = Debug|Any CPU
		{4CCB0A82-A72E-46B1-B295-85732F1C7EA1}.Debug|x86.ActiveCfg = Debug|Any CPU
		{4CCB0A82-A72E-46B1-B295-85732F1C7EA1}.Debug|x86.Build.0 = Debug|Any CPU
		{4CCB0A82-A72E-46B1-B295-85732F1C7EA1}.Release|Any CPU.ActiveCfg = Release|Any CPU
		{4CCB0A82-A72E-46B1-B295-85732F1C7EA1}.Release|Any CPU.Build.0 = Release|Any CPU
		{4CCB0A82-A72E-46B1-B295-85732F1C7EA1}.Release|x64.ActiveCfg = Release|Any CPU
		{4CCB0A82-A72E-46B1-B295-85732F1C7EA1}.Release|x64.Build.0 = Release|Any CPU
		{4CCB0A82-A72E-46B1-B295-85732F1C7EA1}.Release|x86.ActiveCfg = Release|Any CPU
		{4CCB0A82-A72E-46B1-B295-85732F1C7EA1}.Release|x86.Build.0 = Release|Any CPU
		{03EE4A00-C2E7-490D-959E-CC494C929E16}.Debug|Any CPU.ActiveCfg = Debug|Any CPU
		{03EE4A00-C2E7-490D-959E-CC494C929E16}.Debug|Any CPU.Build.0 = Debug|Any CPU
		{03EE4A00-C2E7-490D-959E-CC494C929E16}.Debug|x64.ActiveCfg = Debug|Any CPU
		{03EE4A00-C2E7-490D-959E-CC494C929E16}.Debug|x64.Build.0 = Debug|Any CPU
		{03EE4A00-C2E7-490D-959E-CC494C929E16}.Debug|x86.ActiveCfg = Debug|Any CPU
		{03EE4A00-C2E7-490D-959E-CC494C929E16}.Debug|x86.Build.0 = Debug|Any CPU
		{03EE4A00-C2E7-490D-959E-CC494C929E16}.Release|Any CPU.ActiveCfg = Release|Any CPU
		{03EE4A00-C2E7-490D-959E-CC494C929E16}.Release|Any CPU.Build.0 = Release|Any CPU
		{03EE4A00-C2E7-490D-959E-CC494C929E16}.Release|x64.ActiveCfg = Release|Any CPU
		{03EE4A00-C2E7-490D-959E-CC494C929E16}.Release|x64.Build.0 = Release|Any CPU
		{03EE4A00-C2E7-490D-959E-CC494C929E16}.Release|x86.ActiveCfg = Release|Any CPU
		{03EE4A00-C2E7-490D-959E-CC494C929E16}.Release|x86.Build.0 = Release|Any CPU
	EndGlobalSection
	GlobalSection(SolutionProperties) = preSolution
		HideSolutionNode = FALSE
	EndGlobalSection
	GlobalSection(ExtensibilityGlobals) = postSolution
		SolutionGuid = {BF9BD9DB-D337-4C9E-9D52-12D5781A480A}
	EndGlobalSection
EndGlobal
